// !$*UTF8*$!
{
	archiveVersion = 1;
	classes = {
	};
	objectVersion = 48;
	objects = {

/* Begin PBXBuildFile section */
		523600FE1F5899BC00F42B96 /* AppDelegate.swift in Sources */ = {isa = PBXBuildFile; fileRef = 523600FD1F5899BC00F42B96 /* AppDelegate.swift */; };
		523601001F5899BC00F42B96 /* ViewController.swift in Sources */ = {isa = PBXBuildFile; fileRef = 523600FF1F5899BC00F42B96 /* ViewController.swift */; };
		523601031F5899BC00F42B96 /* Main.storyboard in Resources */ = {isa = PBXBuildFile; fileRef = 523601011F5899BC00F42B96 /* Main.storyboard */; };
		523601051F5899BC00F42B96 /* Assets.xcassets in Resources */ = {isa = PBXBuildFile; fileRef = 523601041F5899BC00F42B96 /* Assets.xcassets */; };
		523601081F5899BC00F42B96 /* LaunchScreen.storyboard in Resources */ = {isa = PBXBuildFile; fileRef = 523601061F5899BC00F42B96 /* LaunchScreen.storyboard */; };
		526D20741F7BAC020027E02F /* GenderByName.mlmodel in Sources */ = {isa = PBXBuildFile; fileRef = 5281DAE21F7BA50100FD91D2 /* GenderByName.mlmodel */; };
/* End PBXBuildFile section */

/* Begin PBXFileReference section */
		523600FA1F5899BC00F42B96 /* NamesML.app */ = {isa = PBXFileReference; explicitFileType = wrapper.application; includeInIndex = 0; path = NamesML.app; sourceTree = BUILT_PRODUCTS_DIR; };
		523600FD1F5899BC00F42B96 /* AppDelegate.swift */ = {isa = PBXFileReference; lastKnownFileType = sourcecode.swift; path = AppDelegate.swift; sourceTree = "<group>"; };
		523600FF1F5899BC00F42B96 /* ViewController.swift */ = {isa = PBXFileReference; lastKnownFileType = sourcecode.swift; path = ViewController.swift; sourceTree = "<group>"; };
		523601021F5899BC00F42B96 /* Base */ = {isa = PBXFileReference; lastKnownFileType = file.storyboard; name = Base; path = Base.lproj/Main.storyboard; sourceTree = "<group>"; };
		523601041F5899BC00F42B96 /* Assets.xcassets */ = {isa = PBXFileReference; lastKnownFileType = folder.assetcatalog; path = Assets.xcassets; sourceTree = "<group>"; };
		523601071F5899BC00F42B96 /* Base */ = {isa = PBXFileReference; lastKnownFileType = file.storyboard; name = Base; path = Base.lproj/LaunchScreen.storyboard; sourceTree = "<group>"; };
		523601091F5899BC00F42B96 /* Info.plist */ = {isa = PBXFileReference; lastKnownFileType = text.plist.xml; path = Info.plist; sourceTree = "<group>"; };
		5281DAE21F7BA50100FD91D2 /* GenderByName.mlmodel */ = {isa = PBXFileReference; lastKnownFileType = file.mlmodel; path = GenderByName.mlmodel; sourceTree = "<group>"; };
/* End PBXFileReference section */

/* Begin PBXFrameworksBuildPhase section */
		523600F71F5899BC00F42B96 /* Frameworks */ = {
			isa = PBXFrameworksBuildPhase;
			buildActionMask = 2147483647;
			files = (
			);
			runOnlyForDeploymentPostprocessing = 0;
		};
/* End PBXFrameworksBuildPhase section */

/* Begin PBXGroup section */
		523600F11F5899BC00F42B96 = {
			isa = PBXGroup;
			children = (
				523600FC1F5899BC00F42B96 /* NamesML */,
				523600FB1F5899BC00F42B96 /* Products */,
			);
			sourceTree = "<group>";
		};
		523600FB1F5899BC00F42B96 /* Products */ = {
			isa = PBXGroup;
			children = (
				523600FA1F5899BC00F42B96 /* NamesML.app */,
			);
			name = Products;
			sourceTree = "<group>";
		};
		523600FC1F5899BC00F42B96 /* NamesML */ = {
			isa = PBXGroup;
			children = (
				5281DAE21F7BA50100FD91D2 /* GenderByName.mlmodel */,
				523600FD1F5899BC00F42B96 /* AppDelegate.swift */,
				523600FF1F5899BC00F42B96 /* ViewController.swift */,
				523601011F5899BC00F42B96 /* Main.storyboard */,
				523601041F5899BC00F42B96 /* Assets.xcassets */,
				523601061F5899BC00F42B96 /* LaunchScreen.storyboard */,
				523601091F5899BC00F42B96 /* Info.plist */,
			);
			path = NamesML;
			sourceTree = "<group>";
		};
/* End PBXGroup section */

/* Begin PBXNativeTarget section */
		523600F91F5899BC00F42B96 /* NamesML */ = {
			isa = PBXNativeTarget;
			buildConfigurationList = 5236010C1F5899BC00F42B96 /* Build configuration list for PBXNativeTarget "NamesML" */;
			buildPhases = (
				523600F61F5899BC00F42B96 /* Sources */,
				523600F71F5899BC00F42B96 /* Frameworks */,
				523600F81F5899BC00F42B96 /* Resources */,
			);
			buildRules = (
			);
			dependencies = (
			);
			name = NamesML;
			productName = NamesML;
			productReference = 523600FA1F5899BC00F42B96 /* NamesML.app */;
			productType = "com.apple.product-type.application";
		};
/* End PBXNativeTarget section */

/* Begin PBXProject section */
		523600F21F5899BC00F42B96 /* Project object */ = {
			isa = PBXProject;
			attributes = {
				LastSwiftUpdateCheck = 0900;
				LastUpgradeCheck = 0900;
				ORGANIZATIONNAME = "Brian Advent";
				TargetAttributes = {
					523600F91F5899BC00F42B96 = {
						CreatedOnToolsVersion = 9.0;
						ProvisioningStyle = Automatic;
					};
				};
			};
			buildConfigurationList = 523600F51F5899BC00F42B96 /* Build configuration list for PBXProject "NamesML" */;
			compatibilityVersion = "Xcode 8.0";
			developmentRegion = en;
			hasScannedForEncodings = 0;
			knownRegions = (
				en,
				Base,
			);
			mainGroup = 523600F11F5899BC00F42B96;
			productRefGroup = 523600FB1F5899BC00F42B96 /* Products */;
			projectDirPath = "";
			projectRoot = "";
			targets = (
				523600F91F5899BC00F42B96 /* NamesML */,
			);
		};
/* End PBXProject section */

/* Begin PBXResourcesBuildPhase section */
		523600F81F5899BC00F42B96 /* Resources */ = {
			isa = PBXResourcesBuildPhase;
			buildActionMask = 2147483647;
			files = (
				523601081F5899BC00F42B96 /* LaunchScreen.storyboard in Resources */,
				523601051F5899BC00F42B96 /* Assets.xcassets in Resources */,
				523601031F5899BC00F42B96 /* Main.storyboard in Resources */,
			);
			runOnlyForDeploymentPostprocessing = 0;
		};
/* End PBXResourcesBuildPhase section */

/* Begin PBXSourcesBuildPhase section */
		523600F61F5899BC00F42B96 /* Sources */ = {
			isa = PBXSourcesBuildPhase;
			buildActionMask = 2147483647;
			files = (
				523601001F5899BC00F42B96 /* ViewController.swift in Sources */,
				526D20741F7BAC020027E02F /* GenderByName.mlmodel in Sources */,
				523600FE1F5899BC00F42B96 /* AppDelegate.swift in Sources */,
			);
			runOnlyForDeploymentPostprocessing = 0;
		};
/* End PBXSourcesBuildPhase section */

/* Begin PBXVariantGroup section */
		523601011F5899BC00F42B96 /* Main.storyboard */ = {
			isa = PBXVariantGroup;
			children = (
				523601021F5899BC00F42B96 /* Base */,
			);
			name = Main.storyboard;
			sourceTree = "<group>";
		};
		523601061F5899BC00F42B96 /* LaunchScreen.storyboard */ = {
			isa = PBXVariantGroup;
			children = (
				523601071F5899BC00F42B96 /* Base */,
			);
			name = LaunchScreen.storyboard;
			sourceTree = "<group>";
		};
/* End PBXVariantGroup section */

/* Begin XCBuildConfiguration section */
		5236010A1F5899BC00F42B96 /* Debug */ = {
			isa = XCBuildConfiguration;
			buildSettings = {
				ALWAYS_SEARCH_USER_PATHS = NO;
				CLANG_ANALYZER_NONNULL = YES;
				CLANG_ANALYZER_NUMBER_OBJECT_CONVERSION = YES_AGGRESSIVE;
				CLANG_CXX_LANGUAGE_STANDARD = "gnu++14";
				CLANG_CXX_LIBRARY = "libc++";
				CLANG_ENABLE_MODULES = YES;
				CLANG_ENABLE_OBJC_ARC = YES;
				CLANG_WARN_BLOCK_CAPTURE_AUTORELEASING = YES;
				CLANG_WARN_BOOL_CONVERSION = YES;
				CLANG_WARN_COMMA = YES;
				CLANG_WARN_CONSTANT_CONVERSION = YES;
				CLANG_WARN_DIRECT_OBJC_ISA_USAGE = YES_ERROR;
				CLANG_WARN_DOCUMENTATION_COMMENTS = YES;
				CLANG_WARN_EMPTY_BODY = YES;
				CLANG_WARN_ENUM_CONVERSION = YES;
				CLANG_WARN_INFINITE_RECURSION = YES;
				CLANG_WARN_INT_CONVERSION = YES;
				CLANG_WARN_NON_LITERAL_NULL_CONVERSION = YES;
				CLANG_WARN_OBJC_LITERAL_CONVERSION = YES;
				CLANG_WARN_OBJC_ROOT_CLASS = YES_ERROR;
				CLANG_WARN_RANGE_LOOP_ANALYSIS = YES;
				CLANG_WARN_STRICT_PROTOTYPES = YES;
				CLANG_WARN_SUSPICIOUS_MOVE = YES;
				CLANG_WARN_UNGUARDED_AVAILABILITY = YES_AGGRESSIVE;
				CLANG_WARN_UNREACHABLE_CODE = YES;
				CLANG_WARN__DUPLICATE_METHOD_MATCH = YES;
				CODE_SIGN_IDENTITY = "iPhone Developer";
				COPY_PHASE_STRIP = NO;
				DEBUG_INFORMATION_FORMAT = dwarf;
				ENABLE_STRICT_OBJC_MSGSEND = YES;
				ENABLE_TESTABILITY = YES;
				GCC_C_LANGUAGE_STANDARD = gnu11;
				GCC_DYNAMIC_NO_PIC = NO;
				GCC_NO_COMMON_BLOCKS = YES;
				GCC_OPTIMIZATION_LEVEL = 0;
				GCC_PREPROCESSOR_DEFINITIONS = (
					"DEBUG=1",
					"$(inherited)",
				);
				GCC_WARN_64_TO_32_BIT_CONVERSION = YES;
				GCC_WARN_ABOUT_RETURN_TYPE = YES_ERROR;
				GCC_WARN_UNDECLARED_SELECTOR = YES;
				GCC_WARN_UNINITIALIZED_AUTOS = YES_AGGRESSIVE;
				GCC_WARN_UNUSED_FUNCTION = YES;
				GCC_WARN_UNUSED_VARIABLE = YES;
				IPHONEOS_DEPLOYMENT_TARGET = 11.0;
				MTL_ENABLE_DEBUG_INFO = YES;
				ONLY_ACTIVE_ARCH = YES;
				SDKROOT = iphoneos;
				SWIFT_ACTIVE_COMPILATION_CONDITIONS = DEBUG;
				SWIFT_OPTIMIZATION_LEVEL = "-Onone";
			};
			name = Debug;
		};
		5236010B1F5899BC00F42B96 /* Release */ = {
			isa = XCBuildConfiguration;
			buildSettings = {
				ALWAYS_SEARCH_USER_PATHS = NO;
				CLANG_ANALYZER_NONNULL = YES;
				CLANG_ANALYZER_NUMBER_OBJECT_CONVERSION = YES_AGGRESSIVE;
				CLANG_CXX_LANGUAGE_STANDARD = "gnu++14";
				CLANG_CXX_LIBRARY = "libc++";
				CLANG_ENABLE_MODULES = YES;
				CLANG_ENABLE_OBJC_ARC = YES;
				CLANG_WARN_BLOCK_CAPTURE_AUTORELEASING = YES;
				CLANG_WARN_BOOL_CONVERSION = YES;
				CLANG_WARN_COMMA = YES;
				CLANG_WARN_CONSTANT_CONVERSION = YES;
				CLANG_WARN_DIRECT_OBJC_ISA_USAGE = YES_ERROR;
				CLANG_WARN_DOCUMENTATION_COMMENTS = YES;
				CLANG_WARN_EMPTY_BODY = YES;
				CLANG_WARN_ENUM_CONVERSION = YES;
				CLANG_WARN_INFINITE_RECURSION = YES;
				CLANG_WARN_INT_CONVERSION = YES;
				CLANG_WARN_NON_LITERAL_NULL_CONVERSION = YES;
				CLANG_WARN_OBJC_LITERAL_CONVERSION = YES;
				CLANG_WARN_OBJC_ROOT_CLASS = YES_ERROR;
				CLANG_WARN_RANGE_LOOP_ANALYSIS = YES;
				CLANG_WARN_STRICT_PROTOTYPES = YES;
				CLANG_WARN_SUSPICIOUS_MOVE = YES;
				CLANG_WARN_UNGUARDED_AVAILABILITY = YES_AGGRESSIVE;
				CLANG_WARN_UNREACHABLE_CODE = YES;
				CLANG_WARN__DUPLICATE_METHOD_MATCH = YES;
				CODE_SIGN_IDENTITY = "iPhone Developer";
				COPY_PHASE_STRIP = NO;
				DEBUG_INFORMATION_FORMAT = "dwarf-with-dsym";
				ENABLE_NS_ASSERTIONS = NO;
				ENABLE_STRICT_OBJC_MSGSEND = YES;
				GCC_C_LANGUAGE_STANDARD = gnu11;
				GCC_NO_COMMON_BLOCKS = YES;
				GCC_WARN_64_TO_32_BIT_CONVERSION = YES;
				GCC_WARN_ABOUT_RETURN_TYPE = YES_ERROR;
				GCC_WARN_UNDECLARED_SELECTOR = YES;
				GCC_WARN_UNINITIALIZED_AUTOS = YES_AGGRESSIVE;
				GCC_WARN_UNUSED_FUNCTION = YES;
				GCC_WARN_UNUSED_VARIABLE = YES;
				IPHONEOS_DEPLOYMENT_TARGET = 11.0;
				MTL_ENABLE_DEBUG_INFO = NO;
				SDKROOT = iphoneos;
				SWIFT_OPTIMIZATION_LEVEL = "-Owholemodule";
				VALIDATE_PRODUCT = YES;
			};
			name = Release;
		};
		5236010D1F5899BC00F42B96 /* Debug */ = {
			isa = XCBuildConfiguration;
			buildSettings = {
				ASSETCATALOG_COMPILER_APPICON_NAME = AppIcon;
				CODE_SIGN_STYLE = Automatic;
				INFOPLIST_FILE = NamesML/Info.plist;
				LD_RUNPATH_SEARCH_PATHS = "$(inherited) @executable_path/Frameworks";
				PRODUCT_BUNDLE_IDENTIFIER = com.brianadvent.NamesML;
				PRODUCT_NAME = "$(TARGET_NAME)";
				SWIFT_VERSION = 4.0;
				TARGETED_DEVICE_FAMILY = "1,2";
			};
			name = Debug;
		};
		5236010E1F5899BC00F42B96 /* Release */ = {
			isa = XCBuildConfiguration;
			buildSettings = {
				ASSETCATALOG_COMPILER_APPICON_NAME = AppIcon;
				CODE_SIGN_STYLE = Automatic;
				INFOPLIST_FILE = NamesML/Info.plist;
				LD_RUNPATH_SEARCH_PATHS = "$(inherited) @executable_path/Frameworks";
				PRODUCT_BUNDLE_IDENTIFIER = com.brianadvent.NamesML;
				PRODUCT_NAME = "$(TARGET_NAME)";
				SWIFT_VERSION = 4.0;
				TARGETED_DEVICE_FAMILY = "1,2";
			};
			name = Release;
		};
/* End XCBuildConfiguration section */

/* Begin XCConfigurationList section */
		523600F51F5899BC00F42B96 /* Build configuration list for PBXProject "NamesML" */ = {
			isa = XCConfigurationList;
			buildConfigurations = (
				5236010A1F5899BC00F42B96 /* Debug */,
				5236010B1F5899BC00F42B96 /* Release */,
			);
			defaultConfigurationIsVisible = 0;
			defaultConfigurationName = Release;
		};
		5236010C1F5899BC00F42B96 /* Build configuration list for PBXNativeTarget "NamesML" */ = {
			isa = XCConfigurationList;
			buildConfigurations = (
				5236010D1F5899BC00F42B96 /* Debug */,
				5236010E1F5899BC00F42B96 /* Release */,
			);
			defaultConfigurationIsVisible = 0;
			defaultConfigurationName = Release;
		};
/* End XCConfigurationList section */
	};
	rootObject = 523600F21F5899BC00F42B96 /* Project object */;
}
